
Microsoft Visual Studio Solution File, Format Version 12.00
# Visual Studio Version 17
VisualStudioVersion = 17.7.34024.191
MinimumVisualStudioVersion = 10.0.40219.1
Project("{8BC9CEB8-8B4A-11D0-8D11-00A0C91BC942}") = "Treść zadań", "Treść zadań\Treść zadań.vcxproj", "{0B07B802-470B-4138-B230-2B10985A7182}"
EndProject
Project("{2150E333-8FDC-42A3-9474-1A3956D46DE8}") = "00. Treści zadań", "00. Treści zadań", "{1D9152DC-3916-4267-8618-BDBB776AF330}"
EndProject
Project("{2150E333-8FDC-42A3-9474-1A3956D46DE8}") = "01. Podstawy programowania", "01. Podstawy programowania", "{5219D71D-C2E7-4327-8887-395646D84B2A}"
EndProject
Project("{8BC9CEB8-8B4A-11D0-8D11-00A0C91BC942}") = "Podstawy programowania", "Podstawy programowania\Podstawy programowania.vcxproj", "{574655A8-6396-42CF-A03E-50A28749F221}"
EndProject
Project("{2150E333-8FDC-42A3-9474-1A3956D46DE8}") = "02. Instrukcja warunkowe", "02. Instrukcja warunkowe", "{D06B56EF-0F91-4942-9BBA-0E943D9DC996}"
EndProject
Project("{8BC9CEB8-8B4A-11D0-8D11-00A0C91BC942}") = "Instrukcja IF", "Instrukcja IF\Instrukcja IF.vcxproj", "{EB4BDB4C-9727-4498-99C9-F9865D3EA9A5}"
EndProject
Project("{8BC9CEB8-8B4A-11D0-8D11-00A0C91BC942}") = "Instrukcja WHILE", "Instrukcja WHILE\Instrukcja WHILE.vcxproj", "{DAC1F5AD-1C5B-478E-A318-43AA4AC3E419}"
EndProject
Project("{8BC9CEB8-8B4A-11D0-8D11-00A0C91BC942}") = "Instrukcja DO-WHILE", "Instrukcja DO-WHILE\Instrukcja DO-WHILE.vcxproj", "{41739FE2-D2B2-4447-AA5A-7F81676ECBF9}"
EndProject
Project("{8BC9CEB8-8B4A-11D0-8D11-00A0C91BC942}") = "Instrukcja FOR", "Instrukcja FOR\Instrukcja FOR.vcxproj", "{AB2D89D1-36BF-4E33-B3EE-3FF78245DD7E}"
EndProject
Project("{8BC9CEB8-8B4A-11D0-8D11-00A0C91BC942}") = "Instrukcja SWITCH", "Instrukcja SWITCH\Instrukcja SWITCH.vcxproj", "{245A9F3B-AAF1-4014-A632-0222B74012AB}"
EndProject
Project("{2150E333-8FDC-42A3-9474-1A3956D46DE8}") = "03. Łańcuchy znaków", "03. Łańcuchy znaków", "{9FC189B0-BE2F-4E7D-84C8-849BA3F300E6}"
EndProject
Project("{8BC9CEB8-8B4A-11D0-8D11-00A0C91BC942}") = "Typ Char", "Typ Char\Typ Char.vcxproj", "{31AA7405-1731-48A8-AFDE-EE16E347B03A}"
EndProject
Project("{2150E333-8FDC-42A3-9474-1A3956D46DE8}") = "04. Funkcje", "04. Funkcje", "{6CAA5402-20B2-4AC5-9EB0-FA0116FDE3C8}"
EndProject
Project("{8BC9CEB8-8B4A-11D0-8D11-00A0C91BC942}") = "Funkcje", "Funkcje\Funkcje.vcxproj", "{2E98D979-5954-433F-B0B5-09938A548CC6}"
EndProject
Project("{8BC9CEB8-8B4A-11D0-8D11-00A0C91BC942}") = "Typ string", "Typ string\Typ string.vcxproj", "{623DEB57-3BD3-4299-8599-F9AE83480BFF}"
EndProject
Project("{2150E333-8FDC-42A3-9474-1A3956D46DE8}") = "05. Algorytmy wyszukiwania", "05. Algorytmy wyszukiwania", "{87FC65B3-E5CA-45A8-B5B9-5544965123DB}"
EndProject
Project("{8BC9CEB8-8B4A-11D0-8D11-00A0C91BC942}") = "Algorytmy wyszukiwania", "Algorytmy wyszukiwania\Algorytmy wyszukiwania.vcxproj", "{373539EF-8E53-46F0-82DD-044487242382}"
EndProject
Project("{2150E333-8FDC-42A3-9474-1A3956D46DE8}") = "06. Kolekcje", "06. Kolekcje", "{60F98016-89CB-417F-9BBA-4F868AE7A447}"
EndProject
Project("{8BC9CEB8-8B4A-11D0-8D11-00A0C91BC942}") = "Tablice", "Tablice\Tablice.vcxproj", "{0B5109FD-6DDF-4A44-9C88-13D58D4DB800}"
EndProject
Project("{2150E333-8FDC-42A3-9474-1A3956D46DE8}") = "07.Powtorzenie", "07.Powtorzenie", "{6E596328-95F7-4349-86D4-CD543C7807C0}"
EndProject
Project("{8BC9CEB8-8B4A-11D0-8D11-00A0C91BC942}") = "cos", "cos\cos.vcxproj", "{A79A9C8E-6E89-42BD-90A7-6FE84CA0BF44}"
EndProject
Project("{2150E333-8FDC-42A3-9474-1A3956D46DE8}") = "08.Struktury", "08.Struktury", "{3BABF464-C470-4EEC-B7ED-CD947583255F}"
EndProject
Project("{8BC9CEB8-8B4A-11D0-8D11-00A0C91BC942}") = "CoordinatesProgram", "CoordinatesProgram\CoordinatesProgram.vcxproj", "{80DAC99B-A6F3-4C1B-A854-6275956889BE}"
EndProject
Project("{2150E333-8FDC-42A3-9474-1A3956D46DE8}") = "09.Wskaźniki", "09.Wskaźniki", "{5FA93C0D-CF75-4C17-9EF8-843DC2316325}"
EndProject
Project("{8BC9CEB8-8B4A-11D0-8D11-00A0C91BC942}") = "Pointers", "Pointers\Pointers.vcxproj", "{5C02AB0A-BB38-433F-BA1E-3B0F1183C1C1}"
EndProject
Project("{2150E333-8FDC-42A3-9474-1A3956D46DE8}") = "10.Podstawy obiektów", "10.Podstawy obiektów", "{08C0AD62-8492-48C6-B497-DEB88052B9B0}"
EndProject
Project("{8BC9CEB8-8B4A-11D0-8D11-00A0C91BC942}") = "DrivingCar", "DrivingCar\DrivingCar.vcxproj", "{55188A43-8553-4283-8C5A-CCB94A8D0E8B}"
EndProject
Project("{8BC9CEB8-8B4A-11D0-8D11-00A0C91BC942}") = "MyOwnTask", "Exercise\Exercise.vcxproj", "{47C1A4C4-DFC9-4D11-90C7-A5F8AA266000}"
EndProject
Project("{2150E333-8FDC-42A3-9474-1A3956D46DE8}") = "C++", "C++", "{A83F7324-584D-430D-9B8D-AD73D75C9547}"
EndProject
Project("{2150E333-8FDC-42A3-9474-1A3956D46DE8}") = "C Sharp", "C Sharp", "{EF976AC0-EB5A-41A5-AFCB-B1F35D60D068}"
EndProject
Project("{2150E333-8FDC-42A3-9474-1A3956D46DE8}") = "01.Podstawy", "01.Podstawy", "{A20A3D5A-2818-4BC6-8CDF-953D9952CDBE}"
EndProject
Project("{9A19103F-16F7-4668-BE54-9A1E7A4F7556}") = "FirstConsoleApp", "FirstConsoleApp\FirstConsoleApp.csproj", "{E5F6D321-0CDA-41A1-BFEC-4017B645702E}"
EndProject
Project("{9A19103F-16F7-4668-BE54-9A1E7A4F7556}") = "FirstObjectConsoleApp", "FirstObjectConsoleApp\FirstObjectConsoleApp.csproj", "{D30EEEB1-29DF-48F2-AD19-05365346CD9F}"
EndProject
Project("{2150E333-8FDC-42A3-9474-1A3956D46DE8}") = "02.Kolekcje", "02.Kolekcje", "{C4628F0A-60D6-427A-9215-9F064E8AA89C}"
EndProject
Project("{9A19103F-16F7-4668-BE54-9A1E7A4F7556}") = "CollectionConsoleApp", "CollectionConsoleApp\CollectionConsoleApp.csproj", "{4DD927A1-CC2A-40F9-B672-B18A14ADA23C}"
EndProject
Project("{2150E333-8FDC-42A3-9474-1A3956D46DE8}") = "03.Obiekty", "03.Obiekty", "{DC0AD3D9-6D2E-4D68-B4F1-BEEE66020353}"
EndProject
Project("{9A19103F-16F7-4668-BE54-9A1E7A4F7556}") = "ShapeConsoleApp", "ShapeConsoleApp\ShapeConsoleApp.csproj", "{CC3AE1DF-1B4F-4DC7-B78E-C04842A994B6}"
EndProject
Project("{2150E333-8FDC-42A3-9474-1A3956D46DE8}") = "04.Tasks", "04.Tasks", "{F3627D09-4C97-4261-88F3-8D6A9C6C50D3}"
EndProject
Project("{9A19103F-16F7-4668-BE54-9A1E7A4F7556}") = "LotOfTasks", "Tasks\LotOfTasks.csproj", "{CB2A57C1-6610-430B-9954-0BE5FF0260C3}"
EndProject
Project("{2150E333-8FDC-42A3-9474-1A3956D46DE8}") = "05.Właściwości", "05.Właściwości", "{7674CA8D-7B0A-4E91-8267-988D8857085E}"
EndProject
Project("{9A19103F-16F7-4668-BE54-9A1E7A4F7556}") = "PropertiesApp", "PropertiesApp\PropertiesApp.csproj", "{14C78873-0B27-4F4F-894C-E5627988B49F}"
EndProject
Project("{2150E333-8FDC-42A3-9474-1A3956D46DE8}") = "06.Obsługa błędów", "06.Obsługa błędów", "{52F893BE-5A6C-4B5C-B2AF-EF53F7192BCC}"
EndProject
Project("{9A19103F-16F7-4668-BE54-9A1E7A4F7556}") = "ExceptionApp", "ExceptionApp\ExceptionApp.csproj", "{30222D79-44C5-47BA-B3C9-7B0E4AB03DC9}"
EndProject
Project("{2150E333-8FDC-42A3-9474-1A3956D46DE8}") = "07.Polimorfizm", "07.Polimorfizm", "{C8B80378-D780-4AF0-9354-D9A1E73544D4}"
EndProject
Project("{9A19103F-16F7-4668-BE54-9A1E7A4F7556}") = "PolimorphismApp", "PolimorphismApp\PolimorphismApp.csproj", "{79BEA235-D6F2-4C16-AF2B-3CE7165EABB1}"
EndProject
Project("{2150E333-8FDC-42A3-9474-1A3956D46DE8}") = "08.Bazy danych", "08.Bazy danych", "{5CA097E0-FA39-48C6-BCDD-5326AC6D92CD}"
EndProject
Project("{9A19103F-16F7-4668-BE54-9A1E7A4F7556}") = "SchoolApp", "SchoolAPP\SchoolApp.csproj", "{B1D52F5A-8ED7-4F62-8FB9-88059C02B1E5}"
EndProject
Project("{8BC9CEB8-8B4A-11D0-8D11-00A0C91BC942}") = "sprawdzian", "sprawdzian\sprawdzian.vcxproj", "{319099BA-E39C-4A90-9B6A-EFBF4C081DB1}"
EndProject
Project("{9A19103F-16F7-4668-BE54-9A1E7A4F7556}") = "GeometricConsoleApp", "GeometricConsoleApp\GeometricConsoleApp.csproj", "{09A8B49B-5A42-4998-93E6-2EF62A1D41B0}"
EndProject
Project("{9A19103F-16F7-4668-BE54-9A1E7A4F7556}") = "FractionConsoleApp", "FractionConsoleApp\FractionConsoleApp.csproj", "{8B7AF2D3-B70F-4805-8F1B-6169B36D1BEB}"
EndProject
Project("{2150E333-8FDC-42A3-9474-1A3956D46DE8}") = "Desktopowe", "Desktopowe", "{7CF07347-7E09-4E01-8EBA-3F1446DEE20D}"
EndProject
Project("{FAE04EC0-301F-11D3-BF4B-00C04F79EFBC}") = "WinFormsAppFirst", "WinFormsAppFirst\WinFormsAppFirst.csproj", "{8D24AAD0-9508-4460-9A30-31A385CCC809}"
EndProject
Global
	GlobalSection(SolutionConfigurationPlatforms) = preSolution
		Debug|Any CPU = Debug|Any CPU
		Debug|x64 = Debug|x64
		Debug|x86 = Debug|x86
		Release|Any CPU = Release|Any CPU
		Release|x64 = Release|x64
		Release|x86 = Release|x86
	EndGlobalSection
	GlobalSection(ProjectConfigurationPlatforms) = postSolution
		{0B07B802-470B-4138-B230-2B10985A7182}.Debug|Any CPU.ActiveCfg = Debug|Win32
		{0B07B802-470B-4138-B230-2B10985A7182}.Debug|x64.ActiveCfg = Debug|x64
		{0B07B802-470B-4138-B230-2B10985A7182}.Debug|x64.Build.0 = Debug|x64
		{0B07B802-470B-4138-B230-2B10985A7182}.Debug|x86.ActiveCfg = Debug|Win32
		{0B07B802-470B-4138-B230-2B10985A7182}.Release|Any CPU.ActiveCfg = Release|Win32
		{0B07B802-470B-4138-B230-2B10985A7182}.Release|x64.ActiveCfg = Release|x64
		{0B07B802-470B-4138-B230-2B10985A7182}.Release|x64.Build.0 = Release|x64
		{0B07B802-470B-4138-B230-2B10985A7182}.Release|x86.ActiveCfg = Release|Win32
		{0B07B802-470B-4138-B230-2B10985A7182}.Release|x86.Build.0 = Release|Win32
		{574655A8-6396-42CF-A03E-50A28749F221}.Debug|Any CPU.ActiveCfg = Debug|Win32
		{574655A8-6396-42CF-A03E-50A28749F221}.Debug|x64.ActiveCfg = Debug|x64
		{574655A8-6396-42CF-A03E-50A28749F221}.Debug|x64.Build.0 = Debug|x64
		{574655A8-6396-42CF-A03E-50A28749F221}.Debug|x86.ActiveCfg = Debug|Win32
		{574655A8-6396-42CF-A03E-50A28749F221}.Debug|x86.Build.0 = Debug|Win32
		{574655A8-6396-42CF-A03E-50A28749F221}.Release|Any CPU.ActiveCfg = Release|Win32
		{574655A8-6396-42CF-A03E-50A28749F221}.Release|x64.ActiveCfg = Release|x64
		{574655A8-6396-42CF-A03E-50A28749F221}.Release|x64.Build.0 = Release|x64
		{574655A8-6396-42CF-A03E-50A28749F221}.Release|x86.ActiveCfg = Release|Win32
		{574655A8-6396-42CF-A03E-50A28749F221}.Release|x86.Build.0 = Release|Win32
		{EB4BDB4C-9727-4498-99C9-F9865D3EA9A5}.Debug|Any CPU.ActiveCfg = Debug|Win32
		{EB4BDB4C-9727-4498-99C9-F9865D3EA9A5}.Debug|x64.ActiveCfg = Debug|x64
		{EB4BDB4C-9727-4498-99C9-F9865D3EA9A5}.Debug|x64.Build.0 = Debug|x64
		{EB4BDB4C-9727-4498-99C9-F9865D3EA9A5}.Debug|x86.ActiveCfg = Debug|Win32
		{EB4BDB4C-9727-4498-99C9-F9865D3EA9A5}.Debug|x86.Build.0 = Debug|Win32
		{EB4BDB4C-9727-4498-99C9-F9865D3EA9A5}.Release|Any CPU.ActiveCfg = Release|Win32
		{EB4BDB4C-9727-4498-99C9-F9865D3EA9A5}.Release|x64.ActiveCfg = Release|x64
		{EB4BDB4C-9727-4498-99C9-F9865D3EA9A5}.Release|x64.Build.0 = Release|x64
		{EB4BDB4C-9727-4498-99C9-F9865D3EA9A5}.Release|x86.ActiveCfg = Release|Win32
		{EB4BDB4C-9727-4498-99C9-F9865D3EA9A5}.Release|x86.Build.0 = Release|Win32
		{DAC1F5AD-1C5B-478E-A318-43AA4AC3E419}.Debug|Any CPU.ActiveCfg = Debug|Win32
		{DAC1F5AD-1C5B-478E-A318-43AA4AC3E419}.Debug|x64.ActiveCfg = Debug|x64
		{DAC1F5AD-1C5B-478E-A318-43AA4AC3E419}.Debug|x64.Build.0 = Debug|x64
		{DAC1F5AD-1C5B-478E-A318-43AA4AC3E419}.Debug|x86.ActiveCfg = Debug|Win32
		{DAC1F5AD-1C5B-478E-A318-43AA4AC3E419}.Debug|x86.Build.0 = Debug|Win32
		{DAC1F5AD-1C5B-478E-A318-43AA4AC3E419}.Release|Any CPU.ActiveCfg = Release|Win32
		{DAC1F5AD-1C5B-478E-A318-43AA4AC3E419}.Release|x64.ActiveCfg = Release|x64
		{DAC1F5AD-1C5B-478E-A318-43AA4AC3E419}.Release|x64.Build.0 = Release|x64
		{DAC1F5AD-1C5B-478E-A318-43AA4AC3E419}.Release|x86.ActiveCfg = Release|Win32
		{DAC1F5AD-1C5B-478E-A318-43AA4AC3E419}.Release|x86.Build.0 = Release|Win32
		{41739FE2-D2B2-4447-AA5A-7F81676ECBF9}.Debug|Any CPU.ActiveCfg = Debug|Win32
		{41739FE2-D2B2-4447-AA5A-7F81676ECBF9}.Debug|x64.ActiveCfg = Debug|x64
		{41739FE2-D2B2-4447-AA5A-7F81676ECBF9}.Debug|x64.Build.0 = Debug|x64
		{41739FE2-D2B2-4447-AA5A-7F81676ECBF9}.Debug|x86.ActiveCfg = Debug|Win32
		{41739FE2-D2B2-4447-AA5A-7F81676ECBF9}.Debug|x86.Build.0 = Debug|Win32
		{41739FE2-D2B2-4447-AA5A-7F81676ECBF9}.Release|Any CPU.ActiveCfg = Release|Win32
		{41739FE2-D2B2-4447-AA5A-7F81676ECBF9}.Release|x64.ActiveCfg = Release|x64
		{41739FE2-D2B2-4447-AA5A-7F81676ECBF9}.Release|x64.Build.0 = Release|x64
		{41739FE2-D2B2-4447-AA5A-7F81676ECBF9}.Release|x86.ActiveCfg = Release|Win32
		{41739FE2-D2B2-4447-AA5A-7F81676ECBF9}.Release|x86.Build.0 = Release|Win32
		{AB2D89D1-36BF-4E33-B3EE-3FF78245DD7E}.Debug|Any CPU.ActiveCfg = Debug|Win32
		{AB2D89D1-36BF-4E33-B3EE-3FF78245DD7E}.Debug|x64.ActiveCfg = Debug|x64
		{AB2D89D1-36BF-4E33-B3EE-3FF78245DD7E}.Debug|x64.Build.0 = Debug|x64
		{AB2D89D1-36BF-4E33-B3EE-3FF78245DD7E}.Debug|x86.ActiveCfg = Debug|Win32
		{AB2D89D1-36BF-4E33-B3EE-3FF78245DD7E}.Debug|x86.Build.0 = Debug|Win32
		{AB2D89D1-36BF-4E33-B3EE-3FF78245DD7E}.Release|Any CPU.ActiveCfg = Release|Win32
		{AB2D89D1-36BF-4E33-B3EE-3FF78245DD7E}.Release|x64.ActiveCfg = Release|x64
		{AB2D89D1-36BF-4E33-B3EE-3FF78245DD7E}.Release|x64.Build.0 = Release|x64
		{AB2D89D1-36BF-4E33-B3EE-3FF78245DD7E}.Release|x86.ActiveCfg = Release|Win32
		{AB2D89D1-36BF-4E33-B3EE-3FF78245DD7E}.Release|x86.Build.0 = Release|Win32
		{245A9F3B-AAF1-4014-A632-0222B74012AB}.Debug|Any CPU.ActiveCfg = Debug|Win32
		{245A9F3B-AAF1-4014-A632-0222B74012AB}.Debug|x64.ActiveCfg = Debug|x64
		{245A9F3B-AAF1-4014-A632-0222B74012AB}.Debug|x64.Build.0 = Debug|x64
		{245A9F3B-AAF1-4014-A632-0222B74012AB}.Debug|x86.ActiveCfg = Debug|Win32
		{245A9F3B-AAF1-4014-A632-0222B74012AB}.Debug|x86.Build.0 = Debug|Win32
		{245A9F3B-AAF1-4014-A632-0222B74012AB}.Release|Any CPU.ActiveCfg = Release|Win32
		{245A9F3B-AAF1-4014-A632-0222B74012AB}.Release|x64.ActiveCfg = Release|x64
		{245A9F3B-AAF1-4014-A632-0222B74012AB}.Release|x64.Build.0 = Release|x64
		{245A9F3B-AAF1-4014-A632-0222B74012AB}.Release|x86.ActiveCfg = Release|Win32
		{245A9F3B-AAF1-4014-A632-0222B74012AB}.Release|x86.Build.0 = Release|Win32
		{31AA7405-1731-48A8-AFDE-EE16E347B03A}.Debug|Any CPU.ActiveCfg = Debug|Win32
		{31AA7405-1731-48A8-AFDE-EE16E347B03A}.Debug|x64.ActiveCfg = Debug|x64
		{31AA7405-1731-48A8-AFDE-EE16E347B03A}.Debug|x64.Build.0 = Debug|x64
		{31AA7405-1731-48A8-AFDE-EE16E347B03A}.Debug|x86.ActiveCfg = Debug|Win32
		{31AA7405-1731-48A8-AFDE-EE16E347B03A}.Debug|x86.Build.0 = Debug|Win32
		{31AA7405-1731-48A8-AFDE-EE16E347B03A}.Release|Any CPU.ActiveCfg = Release|Win32
		{31AA7405-1731-48A8-AFDE-EE16E347B03A}.Release|x64.ActiveCfg = Release|x64
		{31AA7405-1731-48A8-AFDE-EE16E347B03A}.Release|x64.Build.0 = Release|x64
		{31AA7405-1731-48A8-AFDE-EE16E347B03A}.Release|x86.ActiveCfg = Release|Win32
		{31AA7405-1731-48A8-AFDE-EE16E347B03A}.Release|x86.Build.0 = Release|Win32
		{2E98D979-5954-433F-B0B5-09938A548CC6}.Debug|Any CPU.ActiveCfg = Debug|Win32
		{2E98D979-5954-433F-B0B5-09938A548CC6}.Debug|x64.ActiveCfg = Debug|x64
		{2E98D979-5954-433F-B0B5-09938A548CC6}.Debug|x64.Build.0 = Debug|x64
		{2E98D979-5954-433F-B0B5-09938A548CC6}.Debug|x86.ActiveCfg = Debug|Win32
		{2E98D979-5954-433F-B0B5-09938A548CC6}.Debug|x86.Build.0 = Debug|Win32
		{2E98D979-5954-433F-B0B5-09938A548CC6}.Release|Any CPU.ActiveCfg = Release|Win32
		{2E98D979-5954-433F-B0B5-09938A548CC6}.Release|x64.ActiveCfg = Release|x64
		{2E98D979-5954-433F-B0B5-09938A548CC6}.Release|x64.Build.0 = Release|x64
		{2E98D979-5954-433F-B0B5-09938A548CC6}.Release|x86.ActiveCfg = Release|Win32
		{2E98D979-5954-433F-B0B5-09938A548CC6}.Release|x86.Build.0 = Release|Win32
		{623DEB57-3BD3-4299-8599-F9AE83480BFF}.Debug|Any CPU.ActiveCfg = Debug|Win32
		{623DEB57-3BD3-4299-8599-F9AE83480BFF}.Debug|x64.ActiveCfg = Debug|x64
		{623DEB57-3BD3-4299-8599-F9AE83480BFF}.Debug|x64.Build.0 = Debug|x64
		{623DEB57-3BD3-4299-8599-F9AE83480BFF}.Debug|x86.ActiveCfg = Debug|Win32
		{623DEB57-3BD3-4299-8599-F9AE83480BFF}.Debug|x86.Build.0 = Debug|Win32
		{623DEB57-3BD3-4299-8599-F9AE83480BFF}.Release|Any CPU.ActiveCfg = Release|Win32
		{623DEB57-3BD3-4299-8599-F9AE83480BFF}.Release|x64.ActiveCfg = Release|x64
		{623DEB57-3BD3-4299-8599-F9AE83480BFF}.Release|x64.Build.0 = Release|x64
		{623DEB57-3BD3-4299-8599-F9AE83480BFF}.Release|x86.ActiveCfg = Release|Win32
		{623DEB57-3BD3-4299-8599-F9AE83480BFF}.Release|x86.Build.0 = Release|Win32
		{373539EF-8E53-46F0-82DD-044487242382}.Debug|Any CPU.ActiveCfg = Debug|Win32
		{373539EF-8E53-46F0-82DD-044487242382}.Debug|x64.ActiveCfg = Debug|x64
		{373539EF-8E53-46F0-82DD-044487242382}.Debug|x64.Build.0 = Debug|x64
		{373539EF-8E53-46F0-82DD-044487242382}.Debug|x86.ActiveCfg = Debug|Win32
		{373539EF-8E53-46F0-82DD-044487242382}.Debug|x86.Build.0 = Debug|Win32
		{373539EF-8E53-46F0-82DD-044487242382}.Release|Any CPU.ActiveCfg = Release|Win32
		{373539EF-8E53-46F0-82DD-044487242382}.Release|x64.ActiveCfg = Release|x64
		{373539EF-8E53-46F0-82DD-044487242382}.Release|x64.Build.0 = Release|x64
		{373539EF-8E53-46F0-82DD-044487242382}.Release|x86.ActiveCfg = Release|Win32
		{373539EF-8E53-46F0-82DD-044487242382}.Release|x86.Build.0 = Release|Win32
		{0B5109FD-6DDF-4A44-9C88-13D58D4DB800}.Debug|Any CPU.ActiveCfg = Debug|Win32
		{0B5109FD-6DDF-4A44-9C88-13D58D4DB800}.Debug|x64.ActiveCfg = Debug|x64
		{0B5109FD-6DDF-4A44-9C88-13D58D4DB800}.Debug|x64.Build.0 = Debug|x64
		{0B5109FD-6DDF-4A44-9C88-13D58D4DB800}.Debug|x86.ActiveCfg = Debug|Win32
		{0B5109FD-6DDF-4A44-9C88-13D58D4DB800}.Debug|x86.Build.0 = Debug|Win32
		{0B5109FD-6DDF-4A44-9C88-13D58D4DB800}.Release|Any CPU.ActiveCfg = Release|Win32
		{0B5109FD-6DDF-4A44-9C88-13D58D4DB800}.Release|x64.ActiveCfg = Release|x64
		{0B5109FD-6DDF-4A44-9C88-13D58D4DB800}.Release|x64.Build.0 = Release|x64
		{0B5109FD-6DDF-4A44-9C88-13D58D4DB800}.Release|x86.ActiveCfg = Release|Win32
		{0B5109FD-6DDF-4A44-9C88-13D58D4DB800}.Release|x86.Build.0 = Release|Win32
		{A79A9C8E-6E89-42BD-90A7-6FE84CA0BF44}.Debug|Any CPU.ActiveCfg = Debug|Win32
		{A79A9C8E-6E89-42BD-90A7-6FE84CA0BF44}.Debug|x64.ActiveCfg = Debug|x64
		{A79A9C8E-6E89-42BD-90A7-6FE84CA0BF44}.Debug|x64.Build.0 = Debug|x64
		{A79A9C8E-6E89-42BD-90A7-6FE84CA0BF44}.Debug|x86.ActiveCfg = Debug|Win32
		{A79A9C8E-6E89-42BD-90A7-6FE84CA0BF44}.Debug|x86.Build.0 = Debug|Win32
		{A79A9C8E-6E89-42BD-90A7-6FE84CA0BF44}.Release|Any CPU.ActiveCfg = Release|Win32
		{A79A9C8E-6E89-42BD-90A7-6FE84CA0BF44}.Release|x64.ActiveCfg = Release|x64
		{A79A9C8E-6E89-42BD-90A7-6FE84CA0BF44}.Release|x64.Build.0 = Release|x64
		{A79A9C8E-6E89-42BD-90A7-6FE84CA0BF44}.Release|x86.ActiveCfg = Release|Win32
		{A79A9C8E-6E89-42BD-90A7-6FE84CA0BF44}.Release|x86.Build.0 = Release|Win32
		{80DAC99B-A6F3-4C1B-A854-6275956889BE}.Debug|Any CPU.ActiveCfg = Debug|Win32
		{80DAC99B-A6F3-4C1B-A854-6275956889BE}.Debug|x64.ActiveCfg = Debug|x64
		{80DAC99B-A6F3-4C1B-A854-6275956889BE}.Debug|x64.Build.0 = Debug|x64
		{80DAC99B-A6F3-4C1B-A854-6275956889BE}.Debug|x86.ActiveCfg = Debug|Win32
		{80DAC99B-A6F3-4C1B-A854-6275956889BE}.Debug|x86.Build.0 = Debug|Win32
		{80DAC99B-A6F3-4C1B-A854-6275956889BE}.Release|Any CPU.ActiveCfg = Release|Win32
		{80DAC99B-A6F3-4C1B-A854-6275956889BE}.Release|x64.ActiveCfg = Release|x64
		{80DAC99B-A6F3-4C1B-A854-6275956889BE}.Release|x64.Build.0 = Release|x64
		{80DAC99B-A6F3-4C1B-A854-6275956889BE}.Release|x86.ActiveCfg = Release|Win32
		{80DAC99B-A6F3-4C1B-A854-6275956889BE}.Release|x86.Build.0 = Release|Win32
		{5C02AB0A-BB38-433F-BA1E-3B0F1183C1C1}.Debug|Any CPU.ActiveCfg = Debug|Win32
		{5C02AB0A-BB38-433F-BA1E-3B0F1183C1C1}.Debug|x64.ActiveCfg = Debug|x64
		{5C02AB0A-BB38-433F-BA1E-3B0F1183C1C1}.Debug|x64.Build.0 = Debug|x64
		{5C02AB0A-BB38-433F-BA1E-3B0F1183C1C1}.Debug|x86.ActiveCfg = Debug|Win32
		{5C02AB0A-BB38-433F-BA1E-3B0F1183C1C1}.Debug|x86.Build.0 = Debug|Win32
		{5C02AB0A-BB38-433F-BA1E-3B0F1183C1C1}.Release|Any CPU.ActiveCfg = Release|Win32
		{5C02AB0A-BB38-433F-BA1E-3B0F1183C1C1}.Release|x64.ActiveCfg = Release|x64
		{5C02AB0A-BB38-433F-BA1E-3B0F1183C1C1}.Release|x64.Build.0 = Release|x64
		{5C02AB0A-BB38-433F-BA1E-3B0F1183C1C1}.Release|x86.ActiveCfg = Release|Win32
		{5C02AB0A-BB38-433F-BA1E-3B0F1183C1C1}.Release|x86.Build.0 = Release|Win32
		{55188A43-8553-4283-8C5A-CCB94A8D0E8B}.Debug|Any CPU.ActiveCfg = Debug|Win32
		{55188A43-8553-4283-8C5A-CCB94A8D0E8B}.Debug|x64.ActiveCfg = Debug|x64
		{55188A43-8553-4283-8C5A-CCB94A8D0E8B}.Debug|x64.Build.0 = Debug|x64
		{55188A43-8553-4283-8C5A-CCB94A8D0E8B}.Debug|x86.ActiveCfg = Debug|Win32
		{55188A43-8553-4283-8C5A-CCB94A8D0E8B}.Debug|x86.Build.0 = Debug|Win32
		{55188A43-8553-4283-8C5A-CCB94A8D0E8B}.Release|Any CPU.ActiveCfg = Release|Win32
		{55188A43-8553-4283-8C5A-CCB94A8D0E8B}.Release|x64.ActiveCfg = Release|x64
		{55188A43-8553-4283-8C5A-CCB94A8D0E8B}.Release|x64.Build.0 = Release|x64
		{55188A43-8553-4283-8C5A-CCB94A8D0E8B}.Release|x86.ActiveCfg = Release|Win32
		{55188A43-8553-4283-8C5A-CCB94A8D0E8B}.Release|x86.Build.0 = Release|Win32
		{47C1A4C4-DFC9-4D11-90C7-A5F8AA266000}.Debug|Any CPU.ActiveCfg = Debug|Win32
		{47C1A4C4-DFC9-4D11-90C7-A5F8AA266000}.Debug|x64.ActiveCfg = Debug|x64
		{47C1A4C4-DFC9-4D11-90C7-A5F8AA266000}.Debug|x64.Build.0 = Debug|x64
		{47C1A4C4-DFC9-4D11-90C7-A5F8AA266000}.Debug|x86.ActiveCfg = Debug|Win32
		{47C1A4C4-DFC9-4D11-90C7-A5F8AA266000}.Debug|x86.Build.0 = Debug|Win32
		{47C1A4C4-DFC9-4D11-90C7-A5F8AA266000}.Release|Any CPU.ActiveCfg = Release|Win32
		{47C1A4C4-DFC9-4D11-90C7-A5F8AA266000}.Release|x64.ActiveCfg = Release|x64
		{47C1A4C4-DFC9-4D11-90C7-A5F8AA266000}.Release|x64.Build.0 = Release|x64
		{47C1A4C4-DFC9-4D11-90C7-A5F8AA266000}.Release|x86.ActiveCfg = Release|Win32
		{47C1A4C4-DFC9-4D11-90C7-A5F8AA266000}.Release|x86.Build.0 = Release|Win32
		{E5F6D321-0CDA-41A1-BFEC-4017B645702E}.Debug|Any CPU.ActiveCfg = Debug|Any CPU
		{E5F6D321-0CDA-41A1-BFEC-4017B645702E}.Debug|Any CPU.Build.0 = Debug|Any CPU
		{E5F6D321-0CDA-41A1-BFEC-4017B645702E}.Debug|x64.ActiveCfg = Debug|Any CPU
		{E5F6D321-0CDA-41A1-BFEC-4017B645702E}.Debug|x64.Build.0 = Debug|Any CPU
		{E5F6D321-0CDA-41A1-BFEC-4017B645702E}.Debug|x86.ActiveCfg = Debug|Any CPU
		{E5F6D321-0CDA-41A1-BFEC-4017B645702E}.Debug|x86.Build.0 = Debug|Any CPU
		{E5F6D321-0CDA-41A1-BFEC-4017B645702E}.Release|Any CPU.ActiveCfg = Release|Any CPU
		{E5F6D321-0CDA-41A1-BFEC-4017B645702E}.Release|Any CPU.Build.0 = Release|Any CPU
		{E5F6D321-0CDA-41A1-BFEC-4017B645702E}.Release|x64.ActiveCfg = Release|Any CPU
		{E5F6D321-0CDA-41A1-BFEC-4017B645702E}.Release|x64.Build.0 = Release|Any CPU
		{E5F6D321-0CDA-41A1-BFEC-4017B645702E}.Release|x86.ActiveCfg = Release|Any CPU
		{E5F6D321-0CDA-41A1-BFEC-4017B645702E}.Release|x86.Build.0 = Release|Any CPU
		{D30EEEB1-29DF-48F2-AD19-05365346CD9F}.Debug|Any CPU.ActiveCfg = Debug|Any CPU
		{D30EEEB1-29DF-48F2-AD19-05365346CD9F}.Debug|Any CPU.Build.0 = Debug|Any CPU
		{D30EEEB1-29DF-48F2-AD19-05365346CD9F}.Debug|x64.ActiveCfg = Debug|Any CPU
		{D30EEEB1-29DF-48F2-AD19-05365346CD9F}.Debug|x64.Build.0 = Debug|Any CPU
		{D30EEEB1-29DF-48F2-AD19-05365346CD9F}.Debug|x86.ActiveCfg = Debug|Any CPU
		{D30EEEB1-29DF-48F2-AD19-05365346CD9F}.Debug|x86.Build.0 = Debug|Any CPU
		{D30EEEB1-29DF-48F2-AD19-05365346CD9F}.Release|Any CPU.ActiveCfg = Release|Any CPU
		{D30EEEB1-29DF-48F2-AD19-05365346CD9F}.Release|Any CPU.Build.0 = Release|Any CPU
		{D30EEEB1-29DF-48F2-AD19-05365346CD9F}.Release|x64.ActiveCfg = Release|Any CPU
		{D30EEEB1-29DF-48F2-AD19-05365346CD9F}.Release|x64.Build.0 = Release|Any CPU
		{D30EEEB1-29DF-48F2-AD19-05365346CD9F}.Release|x86.ActiveCfg = Release|Any CPU
		{D30EEEB1-29DF-48F2-AD19-05365346CD9F}.Release|x86.Build.0 = Release|Any CPU
		{4DD927A1-CC2A-40F9-B672-B18A14ADA23C}.Debug|Any CPU.ActiveCfg = Debug|Any CPU
		{4DD927A1-CC2A-40F9-B672-B18A14ADA23C}.Debug|Any CPU.Build.0 = Debug|Any CPU
		{4DD927A1-CC2A-40F9-B672-B18A14ADA23C}.Debug|x64.ActiveCfg = Debug|Any CPU
		{4DD927A1-CC2A-40F9-B672-B18A14ADA23C}.Debug|x64.Build.0 = Debug|Any CPU
		{4DD927A1-CC2A-40F9-B672-B18A14ADA23C}.Debug|x86.ActiveCfg = Debug|Any CPU
		{4DD927A1-CC2A-40F9-B672-B18A14ADA23C}.Debug|x86.Build.0 = Debug|Any CPU
		{4DD927A1-CC2A-40F9-B672-B18A14ADA23C}.Release|Any CPU.ActiveCfg = Release|Any CPU
		{4DD927A1-CC2A-40F9-B672-B18A14ADA23C}.Release|Any CPU.Build.0 = Release|Any CPU
		{4DD927A1-CC2A-40F9-B672-B18A14ADA23C}.Release|x64.ActiveCfg = Release|Any CPU
		{4DD927A1-CC2A-40F9-B672-B18A14ADA23C}.Release|x64.Build.0 = Release|Any CPU
		{4DD927A1-CC2A-40F9-B672-B18A14ADA23C}.Release|x86.ActiveCfg = Release|Any CPU
		{4DD927A1-CC2A-40F9-B672-B18A14ADA23C}.Release|x86.Build.0 = Release|Any CPU
		{CC3AE1DF-1B4F-4DC7-B78E-C04842A994B6}.Debug|Any CPU.ActiveCfg = Debug|Any CPU
		{CC3AE1DF-1B4F-4DC7-B78E-C04842A994B6}.Debug|Any CPU.Build.0 = Debug|Any CPU
		{CC3AE1DF-1B4F-4DC7-B78E-C04842A994B6}.Debug|x64.ActiveCfg = Debug|Any CPU
		{CC3AE1DF-1B4F-4DC7-B78E-C04842A994B6}.Debug|x64.Build.0 = Debug|Any CPU
		{CC3AE1DF-1B4F-4DC7-B78E-C04842A994B6}.Debug|x86.ActiveCfg = Debug|Any CPU
		{CC3AE1DF-1B4F-4DC7-B78E-C04842A994B6}.Debug|x86.Build.0 = Debug|Any CPU
		{CC3AE1DF-1B4F-4DC7-B78E-C04842A994B6}.Release|Any CPU.ActiveCfg = Release|Any CPU
		{CC3AE1DF-1B4F-4DC7-B78E-C04842A994B6}.Release|Any CPU.Build.0 = Release|Any CPU
		{CC3AE1DF-1B4F-4DC7-B78E-C04842A994B6}.Release|x64.ActiveCfg = Release|Any CPU
		{CC3AE1DF-1B4F-4DC7-B78E-C04842A994B6}.Release|x64.Build.0 = Release|Any CPU
		{CC3AE1DF-1B4F-4DC7-B78E-C04842A994B6}.Release|x86.ActiveCfg = Release|Any CPU
		{CC3AE1DF-1B4F-4DC7-B78E-C04842A994B6}.Release|x86.Build.0 = Release|Any CPU
		{CB2A57C1-6610-430B-9954-0BE5FF0260C3}.Debug|Any CPU.ActiveCfg = Debug|Any CPU
		{CB2A57C1-6610-430B-9954-0BE5FF0260C3}.Debug|Any CPU.Build.0 = Debug|Any CPU
		{CB2A57C1-6610-430B-9954-0BE5FF0260C3}.Debug|x64.ActiveCfg = Debug|Any CPU
		{CB2A57C1-6610-430B-9954-0BE5FF0260C3}.Debug|x64.Build.0 = Debug|Any CPU
		{CB2A57C1-6610-430B-9954-0BE5FF0260C3}.Debug|x86.ActiveCfg = Debug|Any CPU
		{CB2A57C1-6610-430B-9954-0BE5FF0260C3}.Debug|x86.Build.0 = Debug|Any CPU
		{CB2A57C1-6610-430B-9954-0BE5FF0260C3}.Release|Any CPU.ActiveCfg = Release|Any CPU
		{CB2A57C1-6610-430B-9954-0BE5FF0260C3}.Release|Any CPU.Build.0 = Release|Any CPU
		{CB2A57C1-6610-430B-9954-0BE5FF0260C3}.Release|x64.ActiveCfg = Release|Any CPU
		{CB2A57C1-6610-430B-9954-0BE5FF0260C3}.Release|x64.Build.0 = Release|Any CPU
		{CB2A57C1-6610-430B-9954-0BE5FF0260C3}.Release|x86.ActiveCfg = Release|Any CPU
		{CB2A57C1-6610-430B-9954-0BE5FF0260C3}.Release|x86.Build.0 = Release|Any CPU
		{14C78873-0B27-4F4F-894C-E5627988B49F}.Debug|Any CPU.ActiveCfg = Debug|Any CPU
		{14C78873-0B27-4F4F-894C-E5627988B49F}.Debug|Any CPU.Build.0 = Debug|Any CPU
		{14C78873-0B27-4F4F-894C-E5627988B49F}.Debug|x64.ActiveCfg = Debug|Any CPU
		{14C78873-0B27-4F4F-894C-E5627988B49F}.Debug|x64.Build.0 = Debug|Any CPU
		{14C78873-0B27-4F4F-894C-E5627988B49F}.Debug|x86.ActiveCfg = Debug|Any CPU
		{14C78873-0B27-4F4F-894C-E5627988B49F}.Debug|x86.Build.0 = Debug|Any CPU
		{14C78873-0B27-4F4F-894C-E5627988B49F}.Release|Any CPU.ActiveCfg = Release|Any CPU
		{14C78873-0B27-4F4F-894C-E5627988B49F}.Release|Any CPU.Build.0 = Release|Any CPU
		{14C78873-0B27-4F4F-894C-E5627988B49F}.Release|x64.ActiveCfg = Release|Any CPU
		{14C78873-0B27-4F4F-894C-E5627988B49F}.Release|x64.Build.0 = Release|Any CPU
		{14C78873-0B27-4F4F-894C-E5627988B49F}.Release|x86.ActiveCfg = Release|Any CPU
		{14C78873-0B27-4F4F-894C-E5627988B49F}.Release|x86.Build.0 = Release|Any CPU
		{30222D79-44C5-47BA-B3C9-7B0E4AB03DC9}.Debug|Any CPU.ActiveCfg = Debug|Any CPU
		{30222D79-44C5-47BA-B3C9-7B0E4AB03DC9}.Debug|Any CPU.Build.0 = Debug|Any CPU
		{30222D79-44C5-47BA-B3C9-7B0E4AB03DC9}.Debug|x64.ActiveCfg = Debug|Any CPU
		{30222D79-44C5-47BA-B3C9-7B0E4AB03DC9}.Debug|x64.Build.0 = Debug|Any CPU
		{30222D79-44C5-47BA-B3C9-7B0E4AB03DC9}.Debug|x86.ActiveCfg = Debug|Any CPU
		{30222D79-44C5-47BA-B3C9-7B0E4AB03DC9}.Debug|x86.Build.0 = Debug|Any CPU
		{30222D79-44C5-47BA-B3C9-7B0E4AB03DC9}.Release|Any CPU.ActiveCfg = Release|Any CPU
		{30222D79-44C5-47BA-B3C9-7B0E4AB03DC9}.Release|Any CPU.Build.0 = Release|Any CPU
		{30222D79-44C5-47BA-B3C9-7B0E4AB03DC9}.Release|x64.ActiveCfg = Release|Any CPU
		{30222D79-44C5-47BA-B3C9-7B0E4AB03DC9}.Release|x64.Build.0 = Release|Any CPU
		{30222D79-44C5-47BA-B3C9-7B0E4AB03DC9}.Release|x86.ActiveCfg = Release|Any CPU
		{30222D79-44C5-47BA-B3C9-7B0E4AB03DC9}.Release|x86.Build.0 = Release|Any CPU
		{79BEA235-D6F2-4C16-AF2B-3CE7165EABB1}.Debug|Any CPU.ActiveCfg = Debug|Any CPU
		{79BEA235-D6F2-4C16-AF2B-3CE7165EABB1}.Debug|Any CPU.Build.0 = Debug|Any CPU
		{79BEA235-D6F2-4C16-AF2B-3CE7165EABB1}.Debug|x64.ActiveCfg = Debug|Any CPU
		{79BEA235-D6F2-4C16-AF2B-3CE7165EABB1}.Debug|x64.Build.0 = Debug|Any CPU
		{79BEA235-D6F2-4C16-AF2B-3CE7165EABB1}.Debug|x86.ActiveCfg = Debug|Any CPU
		{79BEA235-D6F2-4C16-AF2B-3CE7165EABB1}.Debug|x86.Build.0 = Debug|Any CPU
		{79BEA235-D6F2-4C16-AF2B-3CE7165EABB1}.Release|Any CPU.ActiveCfg = Release|Any CPU
		{79BEA235-D6F2-4C16-AF2B-3CE7165EABB1}.Release|Any CPU.Build.0 = Release|Any CPU
		{79BEA235-D6F2-4C16-AF2B-3CE7165EABB1}.Release|x64.ActiveCfg = Release|Any CPU
		{79BEA235-D6F2-4C16-AF2B-3CE7165EABB1}.Release|x64.Build.0 = Release|Any CPU
		{79BEA235-D6F2-4C16-AF2B-3CE7165EABB1}.Release|x86.ActiveCfg = Release|Any CPU
		{79BEA235-D6F2-4C16-AF2B-3CE7165EABB1}.Release|x86.Build.0 = Release|Any CPU
		{B1D52F5A-8ED7-4F62-8FB9-88059C02B1E5}.Debug|Any CPU.ActiveCfg = Debug|Any CPU
		{B1D52F5A-8ED7-4F62-8FB9-88059C02B1E5}.Debug|Any CPU.Build.0 = Debug|Any CPU
		{B1D52F5A-8ED7-4F62-8FB9-88059C02B1E5}.Debug|x64.ActiveCfg = Debug|Any CPU
		{B1D52F5A-8ED7-4F62-8FB9-88059C02B1E5}.Debug|x64.Build.0 = Debug|Any CPU
		{B1D52F5A-8ED7-4F62-8FB9-88059C02B1E5}.Debug|x86.ActiveCfg = Debug|Any CPU
		{B1D52F5A-8ED7-4F62-8FB9-88059C02B1E5}.Debug|x86.Build.0 = Debug|Any CPU
		{B1D52F5A-8ED7-4F62-8FB9-88059C02B1E5}.Release|Any CPU.ActiveCfg = Release|Any CPU
		{B1D52F5A-8ED7-4F62-8FB9-88059C02B1E5}.Release|Any CPU.Build.0 = Release|Any CPU
		{B1D52F5A-8ED7-4F62-8FB9-88059C02B1E5}.Release|x64.ActiveCfg = Release|Any CPU
		{B1D52F5A-8ED7-4F62-8FB9-88059C02B1E5}.Release|x64.Build.0 = Release|Any CPU
		{B1D52F5A-8ED7-4F62-8FB9-88059C02B1E5}.Release|x86.ActiveCfg = Release|Any CPU
		{B1D52F5A-8ED7-4F62-8FB9-88059C02B1E5}.Release|x86.Build.0 = Release|Any CPU
		{319099BA-E39C-4A90-9B6A-EFBF4C081DB1}.Debug|Any CPU.ActiveCfg = Debug|x64
		{319099BA-E39C-4A90-9B6A-EFBF4C081DB1}.Debug|Any CPU.Build.0 = Debug|x64
		{319099BA-E39C-4A90-9B6A-EFBF4C081DB1}.Debug|x64.ActiveCfg = Debug|x64
		{319099BA-E39C-4A90-9B6A-EFBF4C081DB1}.Debug|x64.Build.0 = Debug|x64
		{319099BA-E39C-4A90-9B6A-EFBF4C081DB1}.Debug|x86.ActiveCfg = Debug|Win32
		{319099BA-E39C-4A90-9B6A-EFBF4C081DB1}.Debug|x86.Build.0 = Debug|Win32
		{319099BA-E39C-4A90-9B6A-EFBF4C081DB1}.Release|Any CPU.ActiveCfg = Release|x64
		{319099BA-E39C-4A90-9B6A-EFBF4C081DB1}.Release|Any CPU.Build.0 = Release|x64
		{319099BA-E39C-4A90-9B6A-EFBF4C081DB1}.Release|x64.ActiveCfg = Release|x64
		{319099BA-E39C-4A90-9B6A-EFBF4C081DB1}.Release|x64.Build.0 = Release|x64
		{319099BA-E39C-4A90-9B6A-EFBF4C081DB1}.Release|x86.ActiveCfg = Release|Win32
		{319099BA-E39C-4A90-9B6A-EFBF4C081DB1}.Release|x86.Build.0 = Release|Win32
		{09A8B49B-5A42-4998-93E6-2EF62A1D41B0}.Debug|Any CPU.ActiveCfg = Debug|Any CPU
		{09A8B49B-5A42-4998-93E6-2EF62A1D41B0}.Debug|Any CPU.Build.0 = Debug|Any CPU
		{09A8B49B-5A42-4998-93E6-2EF62A1D41B0}.Debug|x64.ActiveCfg = Debug|Any CPU
		{09A8B49B-5A42-4998-93E6-2EF62A1D41B0}.Debug|x64.Build.0 = Debug|Any CPU
		{09A8B49B-5A42-4998-93E6-2EF62A1D41B0}.Debug|x86.ActiveCfg = Debug|Any CPU
		{09A8B49B-5A42-4998-93E6-2EF62A1D41B0}.Debug|x86.Build.0 = Debug|Any CPU
		{09A8B49B-5A42-4998-93E6-2EF62A1D41B0}.Release|Any CPU.ActiveCfg = Release|Any CPU
		{09A8B49B-5A42-4998-93E6-2EF62A1D41B0}.Release|Any CPU.Build.0 = Release|Any CPU
		{09A8B49B-5A42-4998-93E6-2EF62A1D41B0}.Release|x64.ActiveCfg = Release|Any CPU
		{09A8B49B-5A42-4998-93E6-2EF62A1D41B0}.Release|x64.Build.0 = Release|Any CPU
		{09A8B49B-5A42-4998-93E6-2EF62A1D41B0}.Release|x86.ActiveCfg = Release|Any CPU
		{09A8B49B-5A42-4998-93E6-2EF62A1D41B0}.Release|x86.Build.0 = Release|Any CPU
		{8B7AF2D3-B70F-4805-8F1B-6169B36D1BEB}.Debug|Any CPU.ActiveCfg = Debug|Any CPU
		{8B7AF2D3-B70F-4805-8F1B-6169B36D1BEB}.Debug|Any CPU.Build.0 = Debug|Any CPU
		{8B7AF2D3-B70F-4805-8F1B-6169B36D1BEB}.Debug|x64.ActiveCfg = Debug|Any CPU
		{8B7AF2D3-B70F-4805-8F1B-6169B36D1BEB}.Debug|x64.Build.0 = Debug|Any CPU
		{8B7AF2D3-B70F-4805-8F1B-6169B36D1BEB}.Debug|x86.ActiveCfg = Debug|Any CPU
		{8B7AF2D3-B70F-4805-8F1B-6169B36D1BEB}.Debug|x86.Build.0 = Debug|Any CPU
		{8B7AF2D3-B70F-4805-8F1B-6169B36D1BEB}.Release|Any CPU.ActiveCfg = Release|Any CPU
		{8B7AF2D3-B70F-4805-8F1B-6169B36D1BEB}.Release|Any CPU.Build.0 = Release|Any CPU
		{8B7AF2D3-B70F-4805-8F1B-6169B36D1BEB}.Release|x64.ActiveCfg = Release|Any CPU
		{8B7AF2D3-B70F-4805-8F1B-6169B36D1BEB}.Release|x64.Build.0 = Release|Any CPU
		{8B7AF2D3-B70F-4805-8F1B-6169B36D1BEB}.Release|x86.ActiveCfg = Release|Any CPU
		{8B7AF2D3-B70F-4805-8F1B-6169B36D1BEB}.Release|x86.Build.0 = Release|Any CPU
		{8D24AAD0-9508-4460-9A30-31A385CCC809}.Debug|Any CPU.ActiveCfg = Debug|Any CPU
		{8D24AAD0-9508-4460-9A30-31A385CCC809}.Debug|Any CPU.Build.0 = Debug|Any CPU
		{8D24AAD0-9508-4460-9A30-31A385CCC809}.Debug|x64.ActiveCfg = Debug|Any CPU
		{8D24AAD0-9508-4460-9A30-31A385CCC809}.Debug|x64.Build.0 = Debug|Any CPU
		{8D24AAD0-9508-4460-9A30-31A385CCC809}.Debug|x86.ActiveCfg = Debug|Any CPU
		{8D24AAD0-9508-4460-9A30-31A385CCC809}.Debug|x86.Build.0 = Debug|Any CPU
		{8D24AAD0-9508-4460-9A30-31A385CCC809}.Release|Any CPU.ActiveCfg = Release|Any CPU
		{8D24AAD0-9508-4460-9A30-31A385CCC809}.Release|Any CPU.Build.0 = Release|Any CPU
		{8D24AAD0-9508-4460-9A30-31A385CCC809}.Release|x64.ActiveCfg = Release|Any CPU
		{8D24AAD0-9508-4460-9A30-31A385CCC809}.Release|x64.Build.0 = Release|Any CPU
		{8D24AAD0-9508-4460-9A30-31A385CCC809}.Release|x86.ActiveCfg = Release|Any CPU
		{8D24AAD0-9508-4460-9A30-31A385CCC809}.Release|x86.Build.0 = Release|Any CPU
	EndGlobalSection
	GlobalSection(SolutionProperties) = preSolution
		HideSolutionNode = FALSE
	EndGlobalSection
	GlobalSection(NestedProjects) = preSolution
		{0B07B802-470B-4138-B230-2B10985A7182} = {1D9152DC-3916-4267-8618-BDBB776AF330}
		{1D9152DC-3916-4267-8618-BDBB776AF330} = {A83F7324-584D-430D-9B8D-AD73D75C9547}
		{5219D71D-C2E7-4327-8887-395646D84B2A} = {A83F7324-584D-430D-9B8D-AD73D75C9547}
		{574655A8-6396-42CF-A03E-50A28749F221} = {5219D71D-C2E7-4327-8887-395646D84B2A}
		{D06B56EF-0F91-4942-9BBA-0E943D9DC996} = {A83F7324-584D-430D-9B8D-AD73D75C9547}
		{EB4BDB4C-9727-4498-99C9-F9865D3EA9A5} = {D06B56EF-0F91-4942-9BBA-0E943D9DC996}
		{DAC1F5AD-1C5B-478E-A318-43AA4AC3E419} = {D06B56EF-0F91-4942-9BBA-0E943D9DC996}
		{41739FE2-D2B2-4447-AA5A-7F81676ECBF9} = {D06B56EF-0F91-4942-9BBA-0E943D9DC996}
		{AB2D89D1-36BF-4E33-B3EE-3FF78245DD7E} = {D06B56EF-0F91-4942-9BBA-0E943D9DC996}
		{245A9F3B-AAF1-4014-A632-0222B74012AB} = {D06B56EF-0F91-4942-9BBA-0E943D9DC996}
		{9FC189B0-BE2F-4E7D-84C8-849BA3F300E6} = {A83F7324-584D-430D-9B8D-AD73D75C9547}
		{31AA7405-1731-48A8-AFDE-EE16E347B03A} = {9FC189B0-BE2F-4E7D-84C8-849BA3F300E6}
		{6CAA5402-20B2-4AC5-9EB0-FA0116FDE3C8} = {A83F7324-584D-430D-9B8D-AD73D75C9547}
		{2E98D979-5954-433F-B0B5-09938A548CC6} = {6CAA5402-20B2-4AC5-9EB0-FA0116FDE3C8}
		{623DEB57-3BD3-4299-8599-F9AE83480BFF} = {9FC189B0-BE2F-4E7D-84C8-849BA3F300E6}
		{87FC65B3-E5CA-45A8-B5B9-5544965123DB} = {A83F7324-584D-430D-9B8D-AD73D75C9547}
		{373539EF-8E53-46F0-82DD-044487242382} = {87FC65B3-E5CA-45A8-B5B9-5544965123DB}
		{60F98016-89CB-417F-9BBA-4F868AE7A447} = {A83F7324-584D-430D-9B8D-AD73D75C9547}
		{0B5109FD-6DDF-4A44-9C88-13D58D4DB800} = {60F98016-89CB-417F-9BBA-4F868AE7A447}
		{6E596328-95F7-4349-86D4-CD543C7807C0} = {A83F7324-584D-430D-9B8D-AD73D75C9547}
		{A79A9C8E-6E89-42BD-90A7-6FE84CA0BF44} = {6E596328-95F7-4349-86D4-CD543C7807C0}
		{3BABF464-C470-4EEC-B7ED-CD947583255F} = {A83F7324-584D-430D-9B8D-AD73D75C9547}
		{80DAC99B-A6F3-4C1B-A854-6275956889BE} = {3BABF464-C470-4EEC-B7ED-CD947583255F}
		{5FA93C0D-CF75-4C17-9EF8-843DC2316325} = {A83F7324-584D-430D-9B8D-AD73D75C9547}
		{5C02AB0A-BB38-433F-BA1E-3B0F1183C1C1} = {5FA93C0D-CF75-4C17-9EF8-843DC2316325}
		{08C0AD62-8492-48C6-B497-DEB88052B9B0} = {A83F7324-584D-430D-9B8D-AD73D75C9547}
		{55188A43-8553-4283-8C5A-CCB94A8D0E8B} = {08C0AD62-8492-48C6-B497-DEB88052B9B0}
		{47C1A4C4-DFC9-4D11-90C7-A5F8AA266000} = {08C0AD62-8492-48C6-B497-DEB88052B9B0}
		{A20A3D5A-2818-4BC6-8CDF-953D9952CDBE} = {EF976AC0-EB5A-41A5-AFCB-B1F35D60D068}
		{E5F6D321-0CDA-41A1-BFEC-4017B645702E} = {A20A3D5A-2818-4BC6-8CDF-953D9952CDBE}
		{D30EEEB1-29DF-48F2-AD19-05365346CD9F} = {A20A3D5A-2818-4BC6-8CDF-953D9952CDBE}
		{C4628F0A-60D6-427A-9215-9F064E8AA89C} = {EF976AC0-EB5A-41A5-AFCB-B1F35D60D068}
		{4DD927A1-CC2A-40F9-B672-B18A14ADA23C} = {C4628F0A-60D6-427A-9215-9F064E8AA89C}
		{DC0AD3D9-6D2E-4D68-B4F1-BEEE66020353} = {EF976AC0-EB5A-41A5-AFCB-B1F35D60D068}
		{CC3AE1DF-1B4F-4DC7-B78E-C04842A994B6} = {DC0AD3D9-6D2E-4D68-B4F1-BEEE66020353}
		{F3627D09-4C97-4261-88F3-8D6A9C6C50D3} = {EF976AC0-EB5A-41A5-AFCB-B1F35D60D068}
		{CB2A57C1-6610-430B-9954-0BE5FF0260C3} = {F3627D09-4C97-4261-88F3-8D6A9C6C50D3}
		{7674CA8D-7B0A-4E91-8267-988D8857085E} = {EF976AC0-EB5A-41A5-AFCB-B1F35D60D068}
		{14C78873-0B27-4F4F-894C-E5627988B49F} = {7674CA8D-7B0A-4E91-8267-988D8857085E}
		{52F893BE-5A6C-4B5C-B2AF-EF53F7192BCC} = {EF976AC0-EB5A-41A5-AFCB-B1F35D60D068}
		{30222D79-44C5-47BA-B3C9-7B0E4AB03DC9} = {52F893BE-5A6C-4B5C-B2AF-EF53F7192BCC}
		{C8B80378-D780-4AF0-9354-D9A1E73544D4} = {EF976AC0-EB5A-41A5-AFCB-B1F35D60D068}
		{79BEA235-D6F2-4C16-AF2B-3CE7165EABB1} = {C8B80378-D780-4AF0-9354-D9A1E73544D4}
		{5CA097E0-FA39-48C6-BCDD-5326AC6D92CD} = {EF976AC0-EB5A-41A5-AFCB-B1F35D60D068}
		{B1D52F5A-8ED7-4F62-8FB9-88059C02B1E5} = {5CA097E0-FA39-48C6-BCDD-5326AC6D92CD}
		{319099BA-E39C-4A90-9B6A-EFBF4C081DB1} = {5219D71D-C2E7-4327-8887-395646D84B2A}
		{09A8B49B-5A42-4998-93E6-2EF62A1D41B0} = {A20A3D5A-2818-4BC6-8CDF-953D9952CDBE}
		{8B7AF2D3-B70F-4805-8F1B-6169B36D1BEB} = {A20A3D5A-2818-4BC6-8CDF-953D9952CDBE}
		{8D24AAD0-9508-4460-9A30-31A385CCC809} = {7CF07347-7E09-4E01-8EBA-3F1446DEE20D}
	EndGlobalSection
	GlobalSection(ExtensibilityGlobals) = postSolution
		SolutionGuid = {76EC34DF-6BC3-4283-8128-050FEAB28534}
	EndGlobalSection
EndGlobal
